
Microsoft Visual Studio Solution File, Format Version 12.00
# Visual Studio 2013
VisualStudioVersion = 12.0.31101.0
MinimumVisualStudioVersion = 10.0.40219.1
Project("{FAE04EC0-301F-11D3-BF4B-00C04F79EFBC}") = "BowlingKata", "BowlingKata\BowlingKata.csproj", "{3B9D10AB-D51E-43BD-B0B1-947F42664C6B}"
EndProject
Project("{FAE04EC0-301F-11D3-BF4B-00C04F79EFBC}") = "BowlingKata.Tests", "BowlingKata.Tests\BowlingKata.Tests.csproj", "{C8A94CF9-2A1E-49F3-90E8-41210865C73E}"
EndProject
Global
	GlobalSection(SolutionConfigurationPlatforms) = preSolution
		Debug|Any CPU = Debug|Any CPU
		Release|Any CPU = Release|Any CPU
	EndGlobalSection
	GlobalSection(ProjectConfigurationPlatforms) = postSolution
		{3B9D10AB-D51E-43BD-B0B1-947F42664C6B}.Debug|Any CPU.ActiveCfg = Debug|Any CPU
		{3B9D10AB-D51E-43BD-B0B1-947F42664C6B}.Debug|Any CPU.Build.0 = Debug|Any CPU
		{3B9D10AB-D51E-43BD-B0B1-947F42664C6B}.Release|Any CPU.ActiveCfg = Release|Any CPU
		{3B9D10AB-D51E-43BD-B0B1-947F42664C6B}.Release|Any CPU.Build.0 = Release|Any CPU
		{C8A94CF9-2A1E-49F3-90E8-41210865C73E}.Debug|Any CPU.ActiveCfg = Debug|Any CPU
		{C8A94CF9-2A1E-49F3-90E8-41210865C73E}.Debug|Any CPU.Build.0 = Debug|Any CPU
		{C8A94CF9-2A1E-49F3-90E8-41210865C73E}.Release|Any CPU.ActiveCfg = Release|Any CPU
		{C8A94CF9-2A1E-49F3-90E8-41210865C73E}.Release|Any CPU.Build.0 = Release|Any CPU
	EndGlobalSection
	GlobalSection(SolutionProperties) = preSolution
		HideSolutionNode = FALSE
	EndGlobalSection
EndGlobal
